
Microsoft Visual Studio Solution File, Format Version 12.00
# Visual Studio Version 16
VisualStudioVersion = 16.0.32106.194
MinimumVisualStudioVersion = 10.0.40219.1
Project("{FAE04EC0-301F-11D3-BF4B-00C04F79EFBC}") = "LAB-01-02-22-BABEL", "LAB-01-02-22-BABEL\LAB-01-02-22-BABEL.csproj", "{C71D067C-D109-4872-BC77-6F502C4EB701}"
EndProject
Global
	GlobalSection(SolutionConfigurationPlatforms) = preSolution
		Debug|Any CPU = Debug|Any CPU
		Release|Any CPU = Release|Any CPU
	EndGlobalSection
	GlobalSection(ProjectConfigurationPlatforms) = postSolution
		{C71D067C-D109-4872-BC77-6F502C4EB701}.Debug|Any CPU.ActiveCfg = Debug|Any CPU
		{C71D067C-D109-4872-BC77-6F502C4EB701}.Debug|Any CPU.Build.0 = Debug|Any CPU
		{C71D067C-D109-4872-BC77-6F502C4EB701}.Release|Any CPU.ActiveCfg = Release|Any CPU
		{C71D067C-D109-4872-BC77-6F502C4EB701}.Release|Any CPU.Build.0 = Release|Any CPU
	EndGlobalSection
	GlobalSection(SolutionProperties) = preSolution
		HideSolutionNode = FALSE
	EndGlobalSection
	GlobalSection(ExtensibilityGlobals) = postSolution
		SolutionGuid = {80BB5BFC-0CDE-4B7D-8DAF-0C013BE4591B}
	EndGlobalSection
EndGlobal
